
Microsoft Visual Studio Solution File, Format Version 12.00
# Visual Studio Version 17
VisualStudioVersion = 17.1.32319.34
MinimumVisualStudioVersion = 10.0.40219.1
Project("{9A19103F-16F7-4668-BE54-9A1E7A4F7556}") = "AnagramFinder", "AnagramFinder\AnagramFinder.csproj", "{B6B38648-59B8-4688-A79B-E94B43F23A66}"
EndProject
Project("{FAE04EC0-301F-11D3-BF4B-00C04F79EFBC}") = "Logic", "Logic\Logic.csproj", "{BC95982C-6687-4270-AF35-4E1B0D677CBD}"
EndProject
Project("{FAE04EC0-301F-11D3-BF4B-00C04F79EFBC}") = "Repository", "Repository\Repository.csproj", "{90D8A784-6296-456A-8E06-77079799260D}"
EndProject
Project("{FAE04EC0-301F-11D3-BF4B-00C04F79EFBC}") = "Tests", "Tests\Tests.csproj", "{BF05F531-1B7A-4C6C-B1F0-375AD40E3940}"
EndProject
Global
	GlobalSection(SolutionConfigurationPlatforms) = preSolution
		Debug|Any CPU = Debug|Any CPU
		Release|Any CPU = Release|Any CPU
	EndGlobalSection
	GlobalSection(ProjectConfigurationPlatforms) = postSolution
		{B6B38648-59B8-4688-A79B-E94B43F23A66}.Debug|Any CPU.ActiveCfg = Debug|Any CPU
		{B6B38648-59B8-4688-A79B-E94B43F23A66}.Debug|Any CPU.Build.0 = Debug|Any CPU
		{B6B38648-59B8-4688-A79B-E94B43F23A66}.Release|Any CPU.ActiveCfg = Release|Any CPU
		{B6B38648-59B8-4688-A79B-E94B43F23A66}.Release|Any CPU.Build.0 = Release|Any CPU
		{BC95982C-6687-4270-AF35-4E1B0D677CBD}.Debug|Any CPU.ActiveCfg = Debug|Any CPU
		{BC95982C-6687-4270-AF35-4E1B0D677CBD}.Debug|Any CPU.Build.0 = Debug|Any CPU
		{BC95982C-6687-4270-AF35-4E1B0D677CBD}.Release|Any CPU.ActiveCfg = Release|Any CPU
		{BC95982C-6687-4270-AF35-4E1B0D677CBD}.Release|Any CPU.Build.0 = Release|Any CPU
		{90D8A784-6296-456A-8E06-77079799260D}.Debug|Any CPU.ActiveCfg = Debug|Any CPU
		{90D8A784-6296-456A-8E06-77079799260D}.Debug|Any CPU.Build.0 = Debug|Any CPU
		{90D8A784-6296-456A-8E06-77079799260D}.Release|Any CPU.ActiveCfg = Release|Any CPU
		{90D8A784-6296-456A-8E06-77079799260D}.Release|Any CPU.Build.0 = Release|Any CPU
		{BF05F531-1B7A-4C6C-B1F0-375AD40E3940}.Debug|Any CPU.ActiveCfg = Debug|Any CPU
		{BF05F531-1B7A-4C6C-B1F0-375AD40E3940}.Debug|Any CPU.Build.0 = Debug|Any CPU
		{BF05F531-1B7A-4C6C-B1F0-375AD40E3940}.Release|Any CPU.ActiveCfg = Release|Any CPU
		{BF05F531-1B7A-4C6C-B1F0-375AD40E3940}.Release|Any CPU.Build.0 = Release|Any CPU
	EndGlobalSection
	GlobalSection(SolutionProperties) = preSolution
		HideSolutionNode = FALSE
	EndGlobalSection
	GlobalSection(ExtensibilityGlobals) = postSolution
		SolutionGuid = {068CC269-5F9F-4681-86AE-DD3B4AD2F13F}
	EndGlobalSection
EndGlobal
